
Microsoft Visual Studio Solution File, Format Version 12.00
# Visual Studio Version 16
VisualStudioVersion = 16.0.29911.84
MinimumVisualStudioVersion = 10.0.40219.1
Project("{FAE04EC0-301F-11D3-BF4B-00C04F79EFBC}") = "HackerRankPractice", "HackerRankPractice\HackerRankPractice.csproj", "{5314C12D-C106-4B47-9F2F-85A3FEC4D3BD}"
EndProject
Global
	GlobalSection(SolutionConfigurationPlatforms) = preSolution
		Debug|Any CPU = Debug|Any CPU
		Release|Any CPU = Release|Any CPU
	EndGlobalSection
	GlobalSection(ProjectConfigurationPlatforms) = postSolution
		{5314C12D-C106-4B47-9F2F-85A3FEC4D3BD}.Debug|Any CPU.ActiveCfg = Debug|Any CPU
		{5314C12D-C106-4B47-9F2F-85A3FEC4D3BD}.Debug|Any CPU.Build.0 = Debug|Any CPU
		{5314C12D-C106-4B47-9F2F-85A3FEC4D3BD}.Release|Any CPU.ActiveCfg = Release|Any CPU
		{5314C12D-C106-4B47-9F2F-85A3FEC4D3BD}.Release|Any CPU.Build.0 = Release|Any CPU
	EndGlobalSection
	GlobalSection(SolutionProperties) = preSolution
		HideSolutionNode = FALSE
	EndGlobalSection
	GlobalSection(ExtensibilityGlobals) = postSolution
		SolutionGuid = {A958A987-F70C-4F0C-BEB6-6BBD5E913389}
	EndGlobalSection
EndGlobal
